
Microsoft Visual Studio Solution File, Format Version 12.00
# Visual Studio Version 16
VisualStudioVersion = 16.0.31410.357
MinimumVisualStudioVersion = 10.0.40219.1
Project("{FAE04EC0-301F-11D3-BF4B-00C04F79EFBC}") = "Application Layer", "Application Layer\Application Layer.csproj", "{3A9A3211-F701-4AF4-A817-90F7E8B642B2}"
EndProject
Project("{FAE04EC0-301F-11D3-BF4B-00C04F79EFBC}") = "Service Layer", "Service Layer\Service Layer.csproj", "{1061A5A4-9DDD-4C3D-B2B0-FFC9CF643FCF}"
EndProject
Project("{FAE04EC0-301F-11D3-BF4B-00C04F79EFBC}") = "Repository Layer", "Repository Layer\Repository Layer.csproj", "{B185A9EA-E452-4F4B-98F5-C62DFE510AFF}"
EndProject
Project("{FAE04EC0-301F-11D3-BF4B-00C04F79EFBC}") = "Data Layer", "Data Layer\Data Layer.csproj", "{1428B68C-EE01-4745-9E0C-E9F78F50425D}"
EndProject
Global
	GlobalSection(SolutionConfigurationPlatforms) = preSolution
		Debug|Any CPU = Debug|Any CPU
		Release|Any CPU = Release|Any CPU
	EndGlobalSection
	GlobalSection(ProjectConfigurationPlatforms) = postSolution
		{3A9A3211-F701-4AF4-A817-90F7E8B642B2}.Debug|Any CPU.ActiveCfg = Debug|Any CPU
		{3A9A3211-F701-4AF4-A817-90F7E8B642B2}.Debug|Any CPU.Build.0 = Debug|Any CPU
		{3A9A3211-F701-4AF4-A817-90F7E8B642B2}.Release|Any CPU.ActiveCfg = Release|Any CPU
		{3A9A3211-F701-4AF4-A817-90F7E8B642B2}.Release|Any CPU.Build.0 = Release|Any CPU
		{1061A5A4-9DDD-4C3D-B2B0-FFC9CF643FCF}.Debug|Any CPU.ActiveCfg = Debug|Any CPU
		{1061A5A4-9DDD-4C3D-B2B0-FFC9CF643FCF}.Debug|Any CPU.Build.0 = Debug|Any CPU
		{1061A5A4-9DDD-4C3D-B2B0-FFC9CF643FCF}.Release|Any CPU.ActiveCfg = Release|Any CPU
		{1061A5A4-9DDD-4C3D-B2B0-FFC9CF643FCF}.Release|Any CPU.Build.0 = Release|Any CPU
		{B185A9EA-E452-4F4B-98F5-C62DFE510AFF}.Debug|Any CPU.ActiveCfg = Debug|Any CPU
		{B185A9EA-E452-4F4B-98F5-C62DFE510AFF}.Debug|Any CPU.Build.0 = Debug|Any CPU
		{B185A9EA-E452-4F4B-98F5-C62DFE510AFF}.Release|Any CPU.ActiveCfg = Release|Any CPU
		{B185A9EA-E452-4F4B-98F5-C62DFE510AFF}.Release|Any CPU.Build.0 = Release|Any CPU
		{1428B68C-EE01-4745-9E0C-E9F78F50425D}.Debug|Any CPU.ActiveCfg = Debug|Any CPU
		{1428B68C-EE01-4745-9E0C-E9F78F50425D}.Debug|Any CPU.Build.0 = Debug|Any CPU
		{1428B68C-EE01-4745-9E0C-E9F78F50425D}.Release|Any CPU.ActiveCfg = Release|Any CPU
		{1428B68C-EE01-4745-9E0C-E9F78F50425D}.Release|Any CPU.Build.0 = Release|Any CPU
	EndGlobalSection
	GlobalSection(SolutionProperties) = preSolution
		HideSolutionNode = FALSE
	EndGlobalSection
	GlobalSection(ExtensibilityGlobals) = postSolution
		SolutionGuid = {6B42E525-308B-4DA0-B75C-08A194613F98}
	EndGlobalSection
EndGlobal
